
Microsoft Visual Studio Solution File, Format Version 12.00
# Visual Studio Version 17
VisualStudioVersion = 17.11.35208.52
MinimumVisualStudioVersion = 10.0.40219.1
Project("{FAE04EC0-301F-11D3-BF4B-00C04F79EFBC}") = "Repositories", "Repositories\Repositories.csproj", "{F4AF4338-1376-40C9-8305-5F85DDE61B6C}"
EndProject
Project("{FAE04EC0-301F-11D3-BF4B-00C04F79EFBC}") = "Services", "Services\Services.csproj", "{E25A7029-2B3D-44DC-9BAC-0F26DC30DCFA}"
EndProject
Project("{FAE04EC0-301F-11D3-BF4B-00C04F79EFBC}") = "BestPractices.API", "BestPractices.API\BestPractices.API.csproj", "{7F12515F-8267-4939-8BCA-233470714710}"
EndProject
Global
	GlobalSection(SolutionConfigurationPlatforms) = preSolution
		Debug|Any CPU = Debug|Any CPU
		Release|Any CPU = Release|Any CPU
	EndGlobalSection
	GlobalSection(ProjectConfigurationPlatforms) = postSolution
		{F4AF4338-1376-40C9-8305-5F85DDE61B6C}.Debug|Any CPU.ActiveCfg = Debug|Any CPU
		{F4AF4338-1376-40C9-8305-5F85DDE61B6C}.Debug|Any CPU.Build.0 = Debug|Any CPU
		{F4AF4338-1376-40C9-8305-5F85DDE61B6C}.Release|Any CPU.ActiveCfg = Release|Any CPU
		{F4AF4338-1376-40C9-8305-5F85DDE61B6C}.Release|Any CPU.Build.0 = Release|Any CPU
		{E25A7029-2B3D-44DC-9BAC-0F26DC30DCFA}.Debug|Any CPU.ActiveCfg = Debug|Any CPU
		{E25A7029-2B3D-44DC-9BAC-0F26DC30DCFA}.Debug|Any CPU.Build.0 = Debug|Any CPU
		{E25A7029-2B3D-44DC-9BAC-0F26DC30DCFA}.Release|Any CPU.ActiveCfg = Release|Any CPU
		{E25A7029-2B3D-44DC-9BAC-0F26DC30DCFA}.Release|Any CPU.Build.0 = Release|Any CPU
		{7F12515F-8267-4939-8BCA-233470714710}.Debug|Any CPU.ActiveCfg = Debug|Any CPU
		{7F12515F-8267-4939-8BCA-233470714710}.Debug|Any CPU.Build.0 = Debug|Any CPU
		{7F12515F-8267-4939-8BCA-233470714710}.Release|Any CPU.ActiveCfg = Release|Any CPU
		{7F12515F-8267-4939-8BCA-233470714710}.Release|Any CPU.Build.0 = Release|Any CPU
	EndGlobalSection
	GlobalSection(SolutionProperties) = preSolution
		HideSolutionNode = FALSE
	EndGlobalSection
	GlobalSection(ExtensibilityGlobals) = postSolution
		SolutionGuid = {ECE14036-04BC-4328-A3F4-496761BC67C0}
	EndGlobalSection
EndGlobal
